{
  "name": "flyon",
  "version": "1.0.0",
  "lockfileVersion": 3,
  "requires": true,
  "packages": {
    "": {
      "name": "flyon",
      "version": "1.0.0",
      "license": "ISC",
      "dependencies": {
        "flyonui": "^2.4.1",
        "tailwindcss": "^4.3.0"
      },
      "devDependencies": {
        "@iconify-json/tabler": "^1.2.35",
        "@iconify/tailwind4": "^1.2.3"
      }
    },
    "node_modules/@antfu/install-pkg": {
      "version": "1.1.0",
      "resolved": "https://registry.npmjs.org/@antfu/install-pkg/-/install-pkg-1.1.0.tgz",
      "integrity": "sha512-MGQsmw10ZyI+EJo45CdSER4zEb+p31LpDAFp2Z3gkSd1yqVZGi0Ebx++YTEMonJy4oChEMLsxZ64j8FH6sSqtQ==",
      "dev": true,
      "license": "MIT",
      "dependencies": {
        "package-manager-detector": "^1.3.0",
        "tinyexec": "^1.0.1"
      },
      "funding": {
        "url": "https://github.com/sponsors/antfu"
      }
    },
    "node_modules/@cyberalien/svg-utils": {
      "version": "1.2.15",
      "resolved": "https://registry.npmjs.org/@cyberalien/svg-utils/-/svg-utils-1.2.15.tgz",
      "integrity": "sha512-ZbKU6npzW5PNocdoLVJYfKzaP+c/RpT6JUkoaKrW1DOcw6lyXub8XtcNpI3xok6FnyNjS6ZbsrrtjTnS9yeZAQ==",
      "dev": true,
      "license": "MIT",
      "dependencies": {
        "@iconify/types": "^2.0.0"
      }
    },
    "node_modules/@floating-ui/core": {
      "version": "1.7.5",
      "resolved": "https://registry.npmjs.org/@floating-ui/core/-/core-1.7.5.tgz",
      "integrity": "sha512-1Ih4WTWyw0+lKyFMcBHGbb5U5FtuHJuujoyyr5zTaWS5EYMeT6Jb2AuDeftsCsEuchO+mM2ij5+q9crhydzLhQ==",
      "license": "MIT",
      "dependencies": {
        "@floating-ui/utils": "^0.2.11"
      }
    },
    "node_modules/@floating-ui/dom": {
      "version": "1.7.6",
      "resolved": "https://registry.npmjs.org/@floating-ui/dom/-/dom-1.7.6.tgz",
      "integrity": "sha512-9gZSAI5XM36880PPMm//9dfiEngYoC6Am2izES1FF406YFsjvyBMmeJ2g4SAju3xWwtuynNRFL2s9hgxpLI5SQ==",
      "license": "MIT",
      "dependencies": {
        "@floating-ui/core": "^1.7.5",
        "@floating-ui/utils": "^0.2.11"
      }
    },
    "node_modules/@floating-ui/utils": {
      "version": "0.2.11",
      "resolved": "https://registry.npmjs.org/@floating-ui/utils/-/utils-0.2.11.tgz",
      "integrity": "sha512-RiB/yIh78pcIxl6lLMG0CgBXAZ2Y0eVHqMPYugu+9U0AeT6YBeiJpf7lbdJNIugFP5SIjwNRgo4DhR1Qxi26Gg==",
      "license": "MIT"
    },
    "node_modules/@iconify-json/tabler": {
      "version": "1.2.35",
      "resolved": "https://registry.npmjs.org/@iconify-json/tabler/-/tabler-1.2.35.tgz",
      "integrity": "sha512-/sJMqHvh5ZWrEERVfDCT5NjVDeKJdhosFtKjJofAVl+P/3AzLiryOQw7WvrfDF25Xa5N/eoOQ15Y1jnhYXxBoQ==",
      "dev": true,
      "license": "MIT",
      "dependencies": {
        "@iconify/types": "*"
      }
    },
    "node_modules/@iconify/tailwind4": {
      "version": "1.2.3",
      "resolved": "https://registry.npmjs.org/@iconify/tailwind4/-/tailwind4-1.2.3.tgz",
      "integrity": "sha512-z8SKiMHRASJKF/IY//87MF88lcB7ulxh8vlhQXXLWsBkNtOh6ese9R41MyGpQeqXdRvQVt+/fX2glQtHFjQ+MA==",
      "dev": true,
      "license": "MIT",
      "dependencies": {
        "@iconify/tools": "^5.0.5",
        "@iconify/types": "^2.0.0",
        "@iconify/utils": "^3.1.0"
      },
      "funding": {
        "url": "https://github.com/sponsors/cyberalien"
      },
      "peerDependencies": {
        "tailwindcss": ">= 4.0.0"
      }
    },
    "node_modules/@iconify/tools": {
      "version": "5.0.11",
      "resolved": "https://registry.npmjs.org/@iconify/tools/-/tools-5.0.11.tgz",
      "integrity": "sha512-zur/06/zTSflUSoPARK5FfHNZQ9UYsoloPDQHLAZHbQqWhs0/tXS+KB70uOAt94dUB1F94JOkSqIOT2R4Deixg==",
      "dev": true,
      "license": "MIT",
      "dependencies": {
        "@cyberalien/svg-utils": "^1.2.8",
        "@iconify/types": "^2.0.0",
        "@iconify/utils": "^3.1.0",
        "fflate": "^0.8.2",
        "modern-tar": "^0.7.6",
        "pathe": "^2.0.3",
        "svgo": "^4.0.1"
      }
    },
    "node_modules/@iconify/types": {
      "version": "2.0.0",
      "resolved": "https://registry.npmjs.org/@iconify/types/-/types-2.0.0.tgz",
      "integrity": "sha512-+wluvCrRhXrhyOmRDJ3q8mux9JkKy5SJ/v8ol2tu4FVjyYvtEzkc/3pK15ET6RKg4b4w4BmTk1+gsCUhf21Ykg==",
      "dev": true,
      "license": "MIT"
    },
    "node_modules/@iconify/utils": {
      "version": "3.1.3",
      "resolved": "https://registry.npmjs.org/@iconify/utils/-/utils-3.1.3.tgz",
      "integrity": "sha512-LPKOXPn/zV+zis1oOfGWogaXVpqUybF3ZS6SCZIsz8vg0ivVp9+fVqyYB7xq0aiST/VhUQYGO1qo6uoYSiEJqw==",
      "dev": true,
      "license": "MIT",
      "dependencies": {
        "@antfu/install-pkg": "^1.1.0",
        "@iconify/types": "^2.0.0",
        "import-meta-resolve": "^4.2.0"
      }
    },
    "node_modules/boolbase": {
      "version": "1.0.0",
      "resolved": "https://registry.npmjs.org/boolbase/-/boolbase-1.0.0.tgz",
      "integrity": "sha512-JZOSA7Mo9sNGB8+UjSgzdLtokWAky1zbztM3WRLCbZ70/3cTANmQmOdR7y2g+J0e2WXywy1yS468tY+IruqEww==",
      "dev": true,
      "license": "ISC"
    },
    "node_modules/commander": {
      "version": "11.1.0",
      "resolved": "https://registry.npmjs.org/commander/-/commander-11.1.0.tgz",
      "integrity": "sha512-yPVavfyCcRhmorC7rWlkHn15b4wDVgVmBA7kV4QVBsF7kv/9TKJAbAXVTxvTnwP8HHKjRCJDClKbciiYS7p0DQ==",
      "dev": true,
      "license": "MIT",
      "engines": {
        "node": ">=16"
      }
    },
    "node_modules/css-select": {
      "version": "5.2.2",
      "resolved": "https://registry.npmjs.org/css-select/-/css-select-5.2.2.tgz",
      "integrity": "sha512-TizTzUddG/xYLA3NXodFM0fSbNizXjOKhqiQQwvhlspadZokn1KDy0NZFS0wuEubIYAV5/c1/lAr0TaaFXEXzw==",
      "dev": true,
      "license": "BSD-2-Clause",
      "dependencies": {
        "boolbase": "^1.0.0",
        "css-what": "^6.1.0",
        "domhandler": "^5.0.2",
        "domutils": "^3.0.1",
        "nth-check": "^2.0.1"
      },
      "funding": {
        "url": "https://github.com/sponsors/fb55"
      }
    },
    "node_modules/css-tree": {
      "version": "3.2.1",
      "resolved": "https://registry.npmjs.org/css-tree/-/css-tree-3.2.1.tgz",
      "integrity": "sha512-X7sjQzceUhu1u7Y/ylrRZFU2FS6LRiFVp6rKLPg23y3x3c3DOKAwuXGDp+PAGjh6CSnCjYeAul8pcT8bAl+lSA==",
      "dev": true,
      "license": "MIT",
      "dependencies": {
        "mdn-data": "2.27.1",
        "source-map-js": "^1.2.1"
      },
      "engines": {
        "node": "^10 || ^12.20.0 || ^14.13.0 || >=15.0.0"
      }
    },
    "node_modules/css-what": {
      "version": "6.2.2",
      "resolved": "https://registry.npmjs.org/css-what/-/css-what-6.2.2.tgz",
      "integrity": "sha512-u/O3vwbptzhMs3L1fQE82ZSLHQQfto5gyZzwteVIEyeaY5Fc7R4dapF/BvRoSYFeqfBk4m0V1Vafq5Pjv25wvA==",
      "dev": true,
      "license": "BSD-2-Clause",
      "engines": {
        "node": ">= 6"
      },
      "funding": {
        "url": "https://github.com/sponsors/fb55"
      }
    },
    "node_modules/csso": {
      "version": "5.0.5",
      "resolved": "https://registry.npmjs.org/csso/-/csso-5.0.5.tgz",
      "integrity": "sha512-0LrrStPOdJj+SPCCrGhzryycLjwcgUSHBtxNA8aIDxf0GLsRh1cKYhB00Gd1lDOS4yGH69+SNn13+TWbVHETFQ==",
      "dev": true,
      "license": "MIT",
      "dependencies": {
        "css-tree": "~2.2.0"
      },
      "engines": {
        "node": "^10 || ^12.20.0 || ^14.13.0 || >=15.0.0",
        "npm": ">=7.0.0"
      }
    },
    "node_modules/csso/node_modules/css-tree": {
      "version": "2.2.1",
      "resolved": "https://registry.npmjs.org/css-tree/-/css-tree-2.2.1.tgz",
      "integrity": "sha512-OA0mILzGc1kCOCSJerOeqDxDQ4HOh+G8NbOJFOTgOCzpw7fCBubk0fEyxp8AgOL/jvLgYA/uV0cMbe43ElF1JA==",
      "dev": true,
      "license": "MIT",
      "dependencies": {
        "mdn-data": "2.0.28",
        "source-map-js": "^1.0.1"
      },
      "engines": {
        "node": "^10 || ^12.20.0 || ^14.13.0 || >=15.0.0",
        "npm": ">=7.0.0"
      }
    },
    "node_modules/csso/node_modules/mdn-data": {
      "version": "2.0.28",
      "resolved": "https://registry.npmjs.org/mdn-data/-/mdn-data-2.0.28.tgz",
      "integrity": "sha512-aylIc7Z9y4yzHYAJNuESG3hfhC+0Ibp/MAMiaOZgNv4pmEdFyfZhhhny4MNiAfWdBQ1RQ2mfDWmM1x8SvGyp8g==",
      "dev": true,
      "license": "CC0-1.0"
    },
    "node_modules/dom-serializer": {
      "version": "2.0.0",
      "resolved": "https://registry.npmjs.org/dom-serializer/-/dom-serializer-2.0.0.tgz",
      "integrity": "sha512-wIkAryiqt/nV5EQKqQpo3SToSOV9J0DnbJqwK7Wv/Trc92zIAYZ4FlMu+JPFW1DfGFt81ZTCGgDEabffXeLyJg==",
      "dev": true,
      "license": "MIT",
      "dependencies": {
        "domelementtype": "^2.3.0",
        "domhandler": "^5.0.2",
        "entities": "^4.2.0"
      },
      "funding": {
        "url": "https://github.com/cheeriojs/dom-serializer?sponsor=1"
      }
    },
    "node_modules/domelementtype": {
      "version": "2.3.0",
      "resolved": "https://registry.npmjs.org/domelementtype/-/domelementtype-2.3.0.tgz",
      "integrity": "sha512-OLETBj6w0OsagBwdXnPdN0cnMfF9opN69co+7ZrbfPGrdpPVNBUj02spi6B1N7wChLQiPn4CSH/zJvXw56gmHw==",
      "dev": true,
      "funding": [
        {
          "type": "github",
          "url": "https://github.com/sponsors/fb55"
        }
      ],
      "license": "BSD-2-Clause"
    },
    "node_modules/domhandler": {
      "version": "5.0.3",
      "resolved": "https://registry.npmjs.org/domhandler/-/domhandler-5.0.3.tgz",
      "integrity": "sha512-cgwlv/1iFQiFnU96XXgROh8xTeetsnJiDsTc7TYCLFd9+/WNkIqPTxiM/8pSd8VIrhXGTf1Ny1q1hquVqDJB5w==",
      "dev": true,
      "license": "BSD-2-Clause",
      "dependencies": {
        "domelementtype": "^2.3.0"
      },
      "engines": {
        "node": ">= 4"
      },
      "funding": {
        "url": "https://github.com/fb55/domhandler?sponsor=1"
      }
    },
    "node_modules/domutils": {
      "version": "3.2.2",
      "resolved": "https://registry.npmjs.org/domutils/-/domutils-3.2.2.tgz",
      "integrity": "sha512-6kZKyUajlDuqlHKVX1w7gyslj9MPIXzIFiz/rGu35uC1wMi+kMhQwGhl4lt9unC9Vb9INnY9Z3/ZA3+FhASLaw==",
      "dev": true,
      "license": "BSD-2-Clause",
      "dependencies": {
        "dom-serializer": "^2.0.0",
        "domelementtype": "^2.3.0",
        "domhandler": "^5.0.3"
      },
      "funding": {
        "url": "https://github.com/fb55/domutils?sponsor=1"
      }
    },
    "node_modules/entities": {
      "version": "4.5.0",
      "resolved": "https://registry.npmjs.org/entities/-/entities-4.5.0.tgz",
      "integrity": "sha512-V0hjH4dGPh9Ao5p0MoRY6BVqtwCjhz6vI5LT8AJ55H+4g9/4vbHx1I54fS0XuclLhDHArPQCiMjDxjaL8fPxhw==",
      "dev": true,
      "license": "BSD-2-Clause",
      "engines": {
        "node": ">=0.12"
      },
      "funding": {
        "url": "https://github.com/fb55/entities?sponsor=1"
      }
    },
    "node_modules/fflate": {
      "version": "0.8.3",
      "resolved": "https://registry.npmjs.org/fflate/-/fflate-0.8.3.tgz",
      "integrity": "sha512-tbZNuJrLwGUp3zshBtdy4W+ORxZuIh8a5ilyIEQDC5rY1f3U20JMry0Ll3WBzU58EZKsEuJFXhb5gwv8CsPvgA==",
      "dev": true,
      "license": "MIT"
    },
    "node_modules/flyonui": {
      "version": "2.4.1",
      "resolved": "https://registry.npmjs.org/flyonui/-/flyonui-2.4.1.tgz",
      "integrity": "sha512-WgP/YP1nZXbEtRkl3ThJIcIaisXOyON3zS2Qz2IwikQA/2X/PmqnP6E+eOz7WLBzEQI4ec7wViYAcRf9vljcbg==",
      "license": "MIT",
      "dependencies": {
        "@floating-ui/dom": "^1.7.1"
      }
    },
    "node_modules/import-meta-resolve": {
      "version": "4.2.0",
      "resolved": "https://registry.npmjs.org/import-meta-resolve/-/import-meta-resolve-4.2.0.tgz",
      "integrity": "sha512-Iqv2fzaTQN28s/FwZAoFq0ZSs/7hMAHJVX+w8PZl3cY19Pxk6jFFalxQoIfW2826i/fDLXv8IiEZRIT0lDuWcg==",
      "dev": true,
      "license": "MIT",
      "funding": {
        "type": "github",
        "url": "https://github.com/sponsors/wooorm"
      }
    },
    "node_modules/mdn-data": {
      "version": "2.27.1",
      "resolved": "https://registry.npmjs.org/mdn-data/-/mdn-data-2.27.1.tgz",
      "integrity": "sha512-9Yubnt3e8A0OKwxYSXyhLymGW4sCufcLG6VdiDdUGVkPhpqLxlvP5vl1983gQjJl3tqbrM731mjaZaP68AgosQ==",
      "dev": true,
      "license": "CC0-1.0"
    },
    "node_modules/modern-tar": {
      "version": "0.7.6",
      "resolved": "https://registry.npmjs.org/modern-tar/-/modern-tar-0.7.6.tgz",
      "integrity": "sha512-sweCIVXzx1aIGTCdzcMlSZt1h8k5Tmk08VNAuRk3IU28XamGiOH5ypi11g6De2CH7PhYqSSnGy2A/EFhbWnVKg==",
      "dev": true,
      "license": "MIT",
      "engines": {
        "node": ">=18.0.0"
      }
    },
    "node_modules/nth-check": {
      "version": "2.1.1",
      "resolved": "https://registry.npmjs.org/nth-check/-/nth-check-2.1.1.tgz",
      "integrity": "sha512-lqjrjmaOoAnWfMmBPL+XNnynZh2+swxiX3WUE0s4yEHI6m+AwrK2UZOimIRl3X/4QctVqS8AiZjFqyOGrMXb/w==",
      "dev": true,
      "license": "BSD-2-Clause",
      "dependencies": {
        "boolbase": "^1.0.0"
      },
      "funding": {
        "url": "https://github.com/fb55/nth-check?sponsor=1"
      }
    },
    "node_modules/package-manager-detector": {
      "version": "1.6.0",
      "resolved": "https://registry.npmjs.org/package-manager-detector/-/package-manager-detector-1.6.0.tgz",
      "integrity": "sha512-61A5ThoTiDG/C8s8UMZwSorAGwMJ0ERVGj2OjoW5pAalsNOg15+iQiPzrLJ4jhZ1HJzmC2PIHT2oEiH3R5fzNA==",
      "dev": true,
      "license": "MIT"
    },
    "node_modules/pathe": {
      "version": "2.0.3",
      "resolved": "https://registry.npmjs.org/pathe/-/pathe-2.0.3.tgz",
      "integrity": "sha512-WUjGcAqP1gQacoQe+OBJsFA7Ld4DyXuUIjZ5cc75cLHvJ7dtNsTugphxIADwspS+AraAUePCKrSVtPLFj/F88w==",
      "dev": true,
      "license": "MIT"
    },
    "node_modules/picocolors": {
      "version": "1.1.1",
      "resolved": "https://registry.npmjs.org/picocolors/-/picocolors-1.1.1.tgz",
      "integrity": "sha512-xceH2snhtb5M9liqDsmEw56le376mTZkEX/jEb/RxNFyegNul7eNslCXP9FDj/Lcu0X8KEyMceP2ntpaHrDEVA==",
      "dev": true,
      "license": "ISC"
    },
    "node_modules/sax": {
      "version": "1.6.0",
      "resolved": "https://registry.npmjs.org/sax/-/sax-1.6.0.tgz",
      "integrity": "sha512-6R3J5M4AcbtLUdZmRv2SygeVaM7IhrLXu9BmnOGmmACak8fiUtOsYNWUS4uK7upbmHIBbLBeFeI//477BKLBzA==",
      "dev": true,
      "license": "BlueOak-1.0.0",
      "engines": {
        "node": ">=11.0.0"
      }
    },
    "node_modules/source-map-js": {
      "version": "1.2.1",
      "resolved": "https://registry.npmjs.org/source-map-js/-/source-map-js-1.2.1.tgz",
      "integrity": "sha512-UXWMKhLOwVKb728IUtQPXxfYU+usdybtUrK/8uGE8CQMvrhOpwvzDBwj0QhSL7MQc7vIsISBG8VQ8+IDQxpfQA==",
      "dev": true,
      "license": "BSD-3-Clause",
      "engines": {
        "node": ">=0.10.0"
      }
    },
    "node_modules/svgo": {
      "version": "4.0.1",
      "resolved": "https://registry.npmjs.org/svgo/-/svgo-4.0.1.tgz",
      "integrity": "sha512-XDpWUOPC6FEibaLzjfe0ucaV0YrOjYotGJO1WpF0Zd+n6ZGEQUsSugaoLq9QkEZtAfQIxT42UChcssDVPP3+/w==",
      "dev": true,
      "license": "MIT",
      "dependencies": {
        "commander": "^11.1.0",
        "css-select": "^5.1.0",
        "css-tree": "^3.0.1",
        "css-what": "^6.1.0",
        "csso": "^5.0.5",
        "picocolors": "^1.1.1",
        "sax": "^1.5.0"
      },
      "bin": {
        "svgo": "bin/svgo.js"
      },
      "engines": {
        "node": ">=16"
      },
      "funding": {
        "type": "opencollective",
        "url": "https://opencollective.com/svgo"
      }
    },
    "node_modules/tailwindcss": {
      "version": "4.3.0",
      "resolved": "https://registry.npmjs.org/tailwindcss/-/tailwindcss-4.3.0.tgz",
      "integrity": "sha512-y6nxMGB1nMW9R6k96e5gdIFzcfL/gTJRNaqGes1YvkLnPVXzWgbqFF2yLC0T8G774n24cx3Pe8XrKoniCOAH+Q==",
      "license": "MIT"
    },
    "node_modules/tinyexec": {
      "version": "1.1.2",
      "resolved": "https://registry.npmjs.org/tinyexec/-/tinyexec-1.1.2.tgz",
      "integrity": "sha512-dAqSqE/RabpBKI8+h26GfLq6Vb3JVXs30XYQjdMjaj/c2tS8IYYMbIzP599KtRj7c57/wYApb3QjgRgXmrCukA==",
      "dev": true,
      "license": "MIT",
      "engines": {
        "node": ">=18"
      }
    }
  }
}
